
Microsoft Visual Studio Solution File, Format Version 12.00
# Visual Studio 15
VisualStudioVersion = 15.0.26730.8
MinimumVisualStudioVersion = 10.0.40219.1
Project("{FAE04EC0-301F-11D3-BF4B-00C04F79EFBC}") = "ResearchWeb", "ResearchWeb\ResearchWeb.csproj", "{1ADFFA10-C38E-4774-A312-E7A85A23C4CD}"
EndProject
Project("{FAE04EC0-301F-11D3-BF4B-00C04F79EFBC}") = "ResearchWeb.Tests", "ResearchWeb.Tests\ResearchWeb.Tests.csproj", "{583F3E76-E5A4-4400-B0A8-1FF31C4118C6}"
EndProject
Global
	GlobalSection(SolutionConfigurationPlatforms) = preSolution
		Debug|Any CPU = Debug|Any CPU
		Release|Any CPU = Release|Any CPU
	EndGlobalSection
	GlobalSection(ProjectConfigurationPlatforms) = postSolution
		{1ADFFA10-C38E-4774-A312-E7A85A23C4CD}.Debug|Any CPU.ActiveCfg = Debug|Any CPU
		{1ADFFA10-C38E-4774-A312-E7A85A23C4CD}.Debug|Any CPU.Build.0 = Debug|Any CPU
		{1ADFFA10-C38E-4774-A312-E7A85A23C4CD}.Release|Any CPU.ActiveCfg = Release|Any CPU
		{1ADFFA10-C38E-4774-A312-E7A85A23C4CD}.Release|Any CPU.Build.0 = Release|Any CPU
		{583F3E76-E5A4-4400-B0A8-1FF31C4118C6}.Debug|Any CPU.ActiveCfg = Debug|Any CPU
		{583F3E76-E5A4-4400-B0A8-1FF31C4118C6}.Debug|Any CPU.Build.0 = Debug|Any CPU
		{583F3E76-E5A4-4400-B0A8-1FF31C4118C6}.Release|Any CPU.ActiveCfg = Release|Any CPU
		{583F3E76-E5A4-4400-B0A8-1FF31C4118C6}.Release|Any CPU.Build.0 = Release|Any CPU
	EndGlobalSection
	GlobalSection(SolutionProperties) = preSolution
		HideSolutionNode = FALSE
	EndGlobalSection
	GlobalSection(ExtensibilityGlobals) = postSolution
		SolutionGuid = {8A92D8AE-B243-4913-9DFD-24125D165CBC}
	EndGlobalSection
EndGlobal
